
Microsoft Visual Studio Solution File, Format Version 12.00
# Visual Studio Version 17
VisualStudioVersion = 17.1.32319.34
MinimumVisualStudioVersion = 10.0.40219.1
Project("{FAE04EC0-301F-11D3-BF4B-00C04F79EFBC}") = "OperatorTGBot", "OperatorTGBot\OperatorTGBot.csproj", "{2427F383-5DAF-456C-BB51-350902AE11E2}"
EndProject
Global
	GlobalSection(SolutionConfigurationPlatforms) = preSolution
		Debug|Any CPU = Debug|Any CPU
		Release|Any CPU = Release|Any CPU
	EndGlobalSection
	GlobalSection(ProjectConfigurationPlatforms) = postSolution
		{2427F383-5DAF-456C-BB51-350902AE11E2}.Debug|Any CPU.ActiveCfg = Debug|Any CPU
		{2427F383-5DAF-456C-BB51-350902AE11E2}.Debug|Any CPU.Build.0 = Debug|Any CPU
		{2427F383-5DAF-456C-BB51-350902AE11E2}.Release|Any CPU.ActiveCfg = Release|Any CPU
		{2427F383-5DAF-456C-BB51-350902AE11E2}.Release|Any CPU.Build.0 = Release|Any CPU
	EndGlobalSection
	GlobalSection(SolutionProperties) = preSolution
		HideSolutionNode = FALSE
	EndGlobalSection
	GlobalSection(ExtensibilityGlobals) = postSolution
		SolutionGuid = {B35DAC05-11BA-4A56-A120-C75DC410409F}
	EndGlobalSection
EndGlobal
